https://github.com/Quillraven/Fleks.git/src#2.6 ::: a405044e234ddfc67e56f650f6fd7b7dcfec1494:06f2070af90e040bf20f02f9f1f7fbf8f603f40e030afb030a0ff9f3fc0b000a
https://github.com/Quillraven/Fleks.git/src#c24925091ced418bf045ba0672734addaab573d8 ::: c24925091ced418bf045ba0672734addaab573d8:fe020a0bf50ff6f3fbf706f10af80b05fbf2050005010d04f40e0b0b02020ef7
https://github.com/korlibs/korge-ldtk.git/korge-ldtk#c590319a9b9b3811b564a22c20e12cd1e877b528 ::: c590319a9b9b3811b564a22c20e12cd1e877b528:090f090e09fdf503f80bf3040808f6fff3faf401fef9060e010ff50b05030df3
https://github.com/korlibs/korge-parallax.git/korge-parallax#994e0356761e6f19cb518e39332ac9383bd8149f ::: 994e0356761e6f19cb518e39332ac9383bd8149f:01f10a0203f0f607fcfdfaf8fe0c0ffe0f09fdf3f3f1f2080803f30b0b00fcf8
https://github.com/korlibs/korge-tiled.git/korge-tiled#9b7b2ee7c416ba0fd90deb8b997dfbef2dd0e328 ::: 9b7b2ee7c416ba0fd90deb8b997dfbef2dd0e328:0a0cf0060ff6f602f9faf20804f9f8fe0809f4f60ef1f4f5ff0d04fafd000600
https://github.com/korlibs/korge-tiled.git/korge-tiled#a54e3b2cacf24e0a0eb87e2580f69f8c81d083ce ::: a54e3b2cacf24e0a0eb87e2580f69f8c81d083ce:02f30ff20ff7070806f803fef601f3fffd0d0c0bf40d0d020f02080904f8f206
