https://github.com/Quillraven/Fleks.git/src#c24925091ced418bf045ba0672734addaab573d8 ::: c24925091ced418bf045ba0672734addaab573d8:fe020a0bf50ff6f3fbf706f10af80b05fbf2050005010d04f40e0b0b02020ef7
https://github.com/korlibs/korge-parallax.git/korge-parallax#994e0356761e6f19cb518e39332ac9383bd8149f ::: 994e0356761e6f19cb518e39332ac9383bd8149f:01f10a0203f0f607fcfdfaf8fe0c0ffe0f09fdf3f3f1f2080803f30b0b00fcf8
https://github.com/korlibs/korge-tiled.git/korge-tiled#734d96ccc18733064ef9fbda8ac359585011112d ::: 734d96ccc18733064ef9fbda8ac359585011112d:0701f1f7fa0ffbf3f60506f4f90c06fb010b0e03fdf70c0b0afd02f5f8fbfbff
